// !$*UTF8*$!
{
	archiveVersion = 1;
	classes = {
	};
	objectVersion = 50;
	objects = {

/* Begin PBXBuildFile section */
		B2E6AC3E227659B300FA77E8 /* AppDelegate.swift in Sources */ = {isa = PBXBuildFile; fileRef = B2E6AC3D227659B300FA77E8 /* AppDelegate.swift */; };
		B2E6AC43227659B300FA77E8 /* Main.storyboard in Resources */ = {isa = PBXBuildFile; fileRef = B2E6AC41227659B300FA77E8 /* Main.storyboard */; };
		B2E6AC45227659B400FA77E8 /* Assets.xcassets in Resources */ = {isa = PBXBuildFile; fileRef = B2E6AC44227659B400FA77E8 /* Assets.xcassets */; };
		B2E6AC48227659B400FA77E8 /* LaunchScreen.storyboard in Resources */ = {isa = PBXBuildFile; fileRef = B2E6AC46227659B400FA77E8 /* LaunchScreen.storyboard */; };
		B2E6AC5222765A1800FA77E8 /* AppComponent.swift in Sources */ = {isa = PBXBuildFile; fileRef = B2E6AC5122765A1800FA77E8 /* AppComponent.swift */; };
		B2E6AC5422765A2E00FA77E8 /* Podfile in Resources */ = {isa = PBXBuildFile; fileRef = B2E6AC5322765A2E00FA77E8 /* Podfile */; };
		B2E6AC5B22765A5F00FA77E8 /* RootBuilder.swift in Sources */ = {isa = PBXBuildFile; fileRef = B2E6AC5622765A5E00FA77E8 /* RootBuilder.swift */; };
		B2E6AC5C22765A5F00FA77E8 /* RootViewController.swift in Sources */ = {isa = PBXBuildFile; fileRef = B2E6AC5722765A5E00FA77E8 /* RootViewController.swift */; };
		B2E6AC5D22765A5F00FA77E8 /* RootInteractor.swift in Sources */ = {isa = PBXBuildFile; fileRef = B2E6AC5822765A5F00FA77E8 /* RootInteractor.swift */; };
		B2E6AC5E22765A5F00FA77E8 /* RootRouter.swift in Sources */ = {isa = PBXBuildFile; fileRef = B2E6AC5922765A5F00FA77E8 /* RootRouter.swift */; };
		B2E6AC5F22765A5F00FA77E8 /* RootComponent+LoggedIn.swift in Sources */ = {isa = PBXBuildFile; fileRef = B2E6AC5A22765A5F00FA77E8 /* RootComponent+LoggedIn.swift */; };
		B2E6AC6822765AE900FA77E8 /* LoggedInComponent+Home.swift in Sources */ = {isa = PBXBuildFile; fileRef = B2E6AC6422765AE900FA77E8 /* LoggedInComponent+Home.swift */; };
		B2E6AC6922765AE900FA77E8 /* LoggedInRouter.swift in Sources */ = {isa = PBXBuildFile; fileRef = B2E6AC6522765AE900FA77E8 /* LoggedInRouter.swift */; };
		B2E6AC6A22765AE900FA77E8 /* LoggedInBuilder.swift in Sources */ = {isa = PBXBuildFile; fileRef = B2E6AC6622765AE900FA77E8 /* LoggedInBuilder.swift */; };
		B2E6AC6B22765AE900FA77E8 /* LoggedInInteractor.swift in Sources */ = {isa = PBXBuildFile; fileRef = B2E6AC6722765AE900FA77E8 /* LoggedInInteractor.swift */; };
		B2E6AC7122765AEF00FA77E8 /* HomeComponent+ChangePassword.swift in Sources */ = {isa = PBXBuildFile; fileRef = B2E6AC6C22765AEF00FA77E8 /* HomeComponent+ChangePassword.swift */; };
		B2E6AC7222765AEF00FA77E8 /* HomeBuilder.swift in Sources */ = {isa = PBXBuildFile; fileRef = B2E6AC6D22765AEF00FA77E8 /* HomeBuilder.swift */; };
		B2E6AC7322765AEF00FA77E8 /* HomeRouter.swift in Sources */ = {isa = PBXBuildFile; fileRef = B2E6AC6E22765AEF00FA77E8 /* HomeRouter.swift */; };
		B2E6AC7422765AEF00FA77E8 /* HomeViewController.swift in Sources */ = {isa = PBXBuildFile; fileRef = B2E6AC6F22765AEF00FA77E8 /* HomeViewController.swift */; };
		B2E6AC7522765AEF00FA77E8 /* HomeInteractor.swift in Sources */ = {isa = PBXBuildFile; fileRef = B2E6AC7022765AEF00FA77E8 /* HomeInteractor.swift */; };
		B2E6AC7722765B1B00FA77E8 /* ChangePasswordViewController.swift in Sources */ = {isa = PBXBuildFile; fileRef = B2E6AC7622765B1B00FA77E8 /* ChangePasswordViewController.swift */; };
		F53283832ADE5A070B606E4B /* libPods-Association.a in Frameworks */ = {isa = PBXBuildFile; fileRef = D26EAC967F8B16306DCF2662 /* libPods-Association.a */; };
/* End PBXBuildFile section */

/* Begin PBXFileReference section */
		549CC0AE4517A3C97A7504D8 /* Pods-Association.debug.xcconfig */ = {isa = PBXFileReference; includeInIndex = 1; lastKnownFileType = text.xcconfig; name = "Pods-Association.debug.xcconfig"; path = "Pods/Target Support Files/Pods-Association/Pods-Association.debug.xcconfig"; sourceTree = "<group>"; };
		B2E6AC3A227659B300FA77E8 /* Association.app */ = {isa = PBXFileReference; explicitFileType = wrapper.application; includeInIndex = 0; path = Association.app; sourceTree = BUILT_PRODUCTS_DIR; };
		B2E6AC3D227659B300FA77E8 /* AppDelegate.swift */ = {isa = PBXFileReference; lastKnownFileType = sourcecode.swift; path = AppDelegate.swift; sourceTree = "<group>"; };
		B2E6AC42227659B300FA77E8 /* Base */ = {isa = PBXFileReference; lastKnownFileType = file.storyboard; name = Base; path = Base.lproj/Main.storyboard; sourceTree = "<group>"; };
		B2E6AC44227659B400FA77E8 /* Assets.xcassets */ = {isa = PBXFileReference; lastKnownFileType = folder.assetcatalog; path = Assets.xcassets; sourceTree = "<group>"; };
		B2E6AC47227659B400FA77E8 /* Base */ = {isa = PBXFileReference; lastKnownFileType = file.storyboard; name = Base; path = Base.lproj/LaunchScreen.storyboard; sourceTree = "<group>"; };
		B2E6AC49227659B400FA77E8 /* Info.plist */ = {isa = PBXFileReference; lastKnownFileType = text.plist.xml; path = Info.plist; sourceTree = "<group>"; };
		B2E6AC5122765A1800FA77E8 /* AppComponent.swift */ = {isa = PBXFileReference; fileEncoding = 4; lastKnownFileType = sourcecode.swift; path = AppComponent.swift; sourceTree = "<group>"; };
		B2E6AC5322765A2E00FA77E8 /* Podfile */ = {isa = PBXFileReference; fileEncoding = 4; lastKnownFileType = text; path = Podfile; sourceTree = "<group>"; xcLanguageSpecificationIdentifier = xcode.lang.ruby; };
		B2E6AC5622765A5E00FA77E8 /* RootBuilder.swift */ = {isa = PBXFileReference; fileEncoding = 4; lastKnownFileType = sourcecode.swift; path = RootBuilder.swift; sourceTree = "<group>"; };
		B2E6AC5722765A5E00FA77E8 /* RootViewController.swift */ = {isa = PBXFileReference; fileEncoding = 4; lastKnownFileType = sourcecode.swift; path = RootViewController.swift; sourceTree = "<group>"; };
		B2E6AC5822765A5F00FA77E8 /* RootInteractor.swift */ = {isa = PBXFileReference; fileEncoding = 4; lastKnownFileType = sourcecode.swift; path = RootInteractor.swift; sourceTree = "<group>"; };
		B2E6AC5922765A5F00FA77E8 /* RootRouter.swift */ = {isa = PBXFileReference; fileEncoding = 4; lastKnownFileType = sourcecode.swift; path = RootRouter.swift; sourceTree = "<group>"; };
		B2E6AC5A22765A5F00FA77E8 /* RootComponent+LoggedIn.swift */ = {isa = PBXFileReference; fileEncoding = 4; lastKnownFileType = sourcecode.swift; path = "RootComponent+LoggedIn.swift"; sourceTree = "<group>"; };
		B2E6AC6422765AE900FA77E8 /* LoggedInComponent+Home.swift */ = {isa = PBXFileReference; fileEncoding = 4; lastKnownFileType = sourcecode.swift; path = "LoggedInComponent+Home.swift"; sourceTree = "<group>"; };
		B2E6AC6522765AE900FA77E8 /* LoggedInRouter.swift */ = {isa = PBXFileReference; fileEncoding = 4; lastKnownFileType = sourcecode.swift; path = LoggedInRouter.swift; sourceTree = "<group>"; };
		B2E6AC6622765AE900FA77E8 /* LoggedInBuilder.swift */ = {isa = PBXFileReference; fileEncoding = 4; lastKnownFileType = sourcecode.swift; path = LoggedInBuilder.swift; sourceTree = "<group>"; };
		B2E6AC6722765AE900FA77E8 /* LoggedInInteractor.swift */ = {isa = PBXFileReference; fileEncoding = 4; lastKnownFileType = sourcecode.swift; path = LoggedInInteractor.swift; sourceTree = "<group>"; };
		B2E6AC6C22765AEF00FA77E8 /* HomeComponent+ChangePassword.swift */ = {isa = PBXFileReference; fileEncoding = 4; lastKnownFileType = sourcecode.swift; path = "HomeComponent+ChangePassword.swift"; sourceTree = "<group>"; };
		B2E6AC6D22765AEF00FA77E8 /* HomeBuilder.swift */ = {isa = PBXFileReference; fileEncoding = 4; lastKnownFileType = sourcecode.swift; path = HomeBuilder.swift; sourceTree = "<group>"; };
		B2E6AC6E22765AEF00FA77E8 /* HomeRouter.swift */ = {isa = PBXFileReference; fileEncoding = 4; lastKnownFileType = sourcecode.swift; path = HomeRouter.swift; sourceTree = "<group>"; };
		B2E6AC6F22765AEF00FA77E8 /* HomeViewController.swift */ = {isa = PBXFileReference; fileEncoding = 4; lastKnownFileType = sourcecode.swift; path = HomeViewController.swift; sourceTree = "<group>"; };
		B2E6AC7022765AEF00FA77E8 /* HomeInteractor.swift */ = {isa = PBXFileReference; fileEncoding = 4; lastKnownFileType = sourcecode.swift; path = HomeInteractor.swift; sourceTree = "<group>"; };
		B2E6AC7622765B1B00FA77E8 /* ChangePasswordViewController.swift */ = {isa = PBXFileReference; fileEncoding = 4; lastKnownFileType = sourcecode.swift; path = ChangePasswordViewController.swift; sourceTree = "<group>"; };
		B83546007A793ACC8D68808E /* Pods-Association.release.xcconfig */ = {isa = PBXFileReference; includeInIndex = 1; lastKnownFileType = text.xcconfig; name = "Pods-Association.release.xcconfig"; path = "Pods/Target Support Files/Pods-Association/Pods-Association.release.xcconfig"; sourceTree = "<group>"; };
		D26EAC967F8B16306DCF2662 /* libPods-Association.a */ = {isa = PBXFileReference; explicitFileType = archive.ar; includeInIndex = 0; path = "libPods-Association.a"; sourceTree = BUILT_PRODUCTS_DIR; };
/* End PBXFileReference section */

/* Begin PBXFrameworksBuildPhase section */
		B2E6AC37227659B300FA77E8 /* Frameworks */ = {
			isa = PBXFrameworksBuildPhase;
			buildActionMask = 2147483647;
			files = (
				F53283832ADE5A070B606E4B /* libPods-Association.a in Frameworks */,
			);
			runOnlyForDeploymentPostprocessing = 0;
		};
/* End PBXFrameworksBuildPhase section */

/* Begin PBXGroup section */
		123196AF2D447692E5C4094F /* Frameworks */ = {
			isa = PBXGroup;
			children = (
				D26EAC967F8B16306DCF2662 /* libPods-Association.a */,
			);
			name = Frameworks;
			sourceTree = "<group>";
		};
		B2E6AC31227659B300FA77E8 = {
			isa = PBXGroup;
			children = (
				B2E6AC5322765A2E00FA77E8 /* Podfile */,
				B2E6AC3C227659B300FA77E8 /* Association */,
				B2E6AC3B227659B300FA77E8 /* Products */,
				BBFD380996776C91F807AAD4 /* Pods */,
				123196AF2D447692E5C4094F /* Frameworks */,
			);
			sourceTree = "<group>";
		};
		B2E6AC3B227659B300FA77E8 /* Products */ = {
			isa = PBXGroup;
			children = (
				B2E6AC3A227659B300FA77E8 /* Association.app */,
			);
			name = Products;
			sourceTree = "<group>";
		};
		B2E6AC3C227659B300FA77E8 /* Association */ = {
			isa = PBXGroup;
			children = (
				B2E6AC49227659B400FA77E8 /* Info.plist */,
				B2E6AC4F227659E500FA77E8 /* AppStart */,
				B2E6AC50227659EC00FA77E8 /* Supporting */,
				B2E6AC5522765A3C00FA77E8 /* Root */,
				B2E6AC6022765A8600FA77E8 /* LoggedIn */,
				B2E6AC6122765A9800FA77E8 /* Home */,
				B2E6AC6322765AC300FA77E8 /* Kotlin Native */,
			);
			path = Association;
			sourceTree = "<group>";
		};
		B2E6AC4F227659E500FA77E8 /* AppStart */ = {
			isa = PBXGroup;
			children = (
				B2E6AC5122765A1800FA77E8 /* AppComponent.swift */,
				B2E6AC3D227659B300FA77E8 /* AppDelegate.swift */,
			);
			path = AppStart;
			sourceTree = "<group>";
		};
		B2E6AC50227659EC00FA77E8 /* Supporting */ = {
			isa = PBXGroup;
			children = (
				B2E6AC41227659B300FA77E8 /* Main.storyboard */,
				B2E6AC44227659B400FA77E8 /* Assets.xcassets */,
				B2E6AC46227659B400FA77E8 /* LaunchScreen.storyboard */,
			);
			name = Supporting;
			sourceTree = "<group>";
		};
		B2E6AC5522765A3C00FA77E8 /* Root */ = {
			isa = PBXGroup;
			children = (
				B2E6AC5622765A5E00FA77E8 /* RootBuilder.swift */,
				B2E6AC5A22765A5F00FA77E8 /* RootComponent+LoggedIn.swift */,
				B2E6AC5822765A5F00FA77E8 /* RootInteractor.swift */,
				B2E6AC5922765A5F00FA77E8 /* RootRouter.swift */,
				B2E6AC5722765A5E00FA77E8 /* RootViewController.swift */,
			);
			path = Root;
			sourceTree = "<group>";
		};
		B2E6AC6022765A8600FA77E8 /* LoggedIn */ = {
			isa = PBXGroup;
			children = (
				B2E6AC6622765AE900FA77E8 /* LoggedInBuilder.swift */,
				B2E6AC6422765AE900FA77E8 /* LoggedInComponent+Home.swift */,
				B2E6AC6722765AE900FA77E8 /* LoggedInInteractor.swift */,
				B2E6AC6522765AE900FA77E8 /* LoggedInRouter.swift */,
			);
			path = LoggedIn;
			sourceTree = "<group>";
		};
		B2E6AC6122765A9800FA77E8 /* Home */ = {
			isa = PBXGroup;
			children = (
				B2E6AC6D22765AEF00FA77E8 /* HomeBuilder.swift */,
				B2E6AC6C22765AEF00FA77E8 /* HomeComponent+ChangePassword.swift */,
				B2E6AC7022765AEF00FA77E8 /* HomeInteractor.swift */,
				B2E6AC6E22765AEF00FA77E8 /* HomeRouter.swift */,
				B2E6AC6F22765AEF00FA77E8 /* HomeViewController.swift */,
			);
			path = Home;
			sourceTree = "<group>";
		};
		B2E6AC6222765AB700FA77E8 /* ChangePassword */ = {
			isa = PBXGroup;
			children = (
				B2E6AC7622765B1B00FA77E8 /* ChangePasswordViewController.swift */,
			);
			path = ChangePassword;
			sourceTree = "<group>";
		};
		B2E6AC6322765AC300FA77E8 /* Kotlin Native */ = {
			isa = PBXGroup;
			children = (
				B2E6AC6222765AB700FA77E8 /* ChangePassword */,
			);
			name = "Kotlin Native";
			sourceTree = "<group>";
		};
		BBFD380996776C91F807AAD4 /* Pods */ = {
			isa = PBXGroup;
			children = (
				549CC0AE4517A3C97A7504D8 /* Pods-Association.debug.xcconfig */,
				B83546007A793ACC8D68808E /* Pods-Association.release.xcconfig */,
			);
			name = Pods;
			sourceTree = "<group>";
		};
/* End PBXGroup section */

/* Begin PBXNativeTarget section */
		B2E6AC39227659B300FA77E8 /* Association */ = {
			isa = PBXNativeTarget;
			buildConfigurationList = B2E6AC4C227659B400FA77E8 /* Build configuration list for PBXNativeTarget "Association" */;
			buildPhases = (
				5FFE6049330D257091F10E79 /* [CP] Check Pods Manifest.lock */,
				B2E6AC36227659B300FA77E8 /* Sources */,
				B2E6AC37227659B300FA77E8 /* Frameworks */,
				B2E6AC38227659B300FA77E8 /* Resources */,
			);
			buildRules = (
			);
			dependencies = (
			);
			name = Association;
			productName = Association;
			productReference = B2E6AC3A227659B300FA77E8 /* Association.app */;
			productType = "com.apple.product-type.application";
		};
/* End PBXNativeTarget section */

/* Begin PBXProject section */
		B2E6AC32227659B300FA77E8 /* Project object */ = {
			isa = PBXProject;
			attributes = {
				LastSwiftUpdateCheck = 1020;
				LastUpgradeCheck = 1020;
				ORGANIZATIONNAME = "MakeGoodStuff Authors";
				TargetAttributes = {
					B2E6AC39227659B300FA77E8 = {
						CreatedOnToolsVersion = 10.2.1;
					};
				};
			};
			buildConfigurationList = B2E6AC35227659B300FA77E8 /* Build configuration list for PBXProject "Association" */;
			compatibilityVersion = "Xcode 9.3";
			developmentRegion = en;
			hasScannedForEncodings = 0;
			knownRegions = (
				en,
				Base,
			);
			mainGroup = B2E6AC31227659B300FA77E8;
			productRefGroup = B2E6AC3B227659B300FA77E8 /* Products */;
			projectDirPath = "";
			projectRoot = "";
			targets = (
				B2E6AC39227659B300FA77E8 /* Association */,
			);
		};
/* End PBXProject section */

/* Begin PBXResourcesBuildPhase section */
		B2E6AC38227659B300FA77E8 /* Resources */ = {
			isa = PBXResourcesBuildPhase;
			buildActionMask = 2147483647;
			files = (
				B2E6AC48227659B400FA77E8 /* LaunchScreen.storyboard in Resources */,
				B2E6AC45227659B400FA77E8 /* Assets.xcassets in Resources */,
				B2E6AC5422765A2E00FA77E8 /* Podfile in Resources */,
				B2E6AC43227659B300FA77E8 /* Main.storyboard in Resources */,
			);
			runOnlyForDeploymentPostprocessing = 0;
		};
/* End PBXResourcesBuildPhase section */

/* Begin PBXShellScriptBuildPhase section */
		5FFE6049330D257091F10E79 /* [CP] Check Pods Manifest.lock */ = {
			isa = PBXShellScriptBuildPhase;
			buildActionMask = 2147483647;
			files = (
			);
			inputFileListPaths = (
			);
			inputPaths = (
				"${PODS_PODFILE_DIR_PATH}/Podfile.lock",
				"${PODS_ROOT}/Manifest.lock",
			);
			name = "[CP] Check Pods Manifest.lock";
			outputFileListPaths = (
			);
			outputPaths = (
				"$(DERIVED_FILE_DIR)/Pods-Association-checkManifestLockResult.txt",
			);
			runOnlyForDeploymentPostprocessing = 0;
			shellPath = /bin/sh;
			shellScript = "diff \"${PODS_PODFILE_DIR_PATH}/Podfile.lock\" \"${PODS_ROOT}/Manifest.lock\" > /dev/null\nif [ $? != 0 ] ; then\n    # print error to STDERR\n    echo \"error: The sandbox is not in sync with the Podfile.lock. Run 'pod install' or update your CocoaPods installation.\" >&2\n    exit 1\nfi\n# This output is used by Xcode 'outputs' to avoid re-running this script phase.\necho \"SUCCESS\" > \"${SCRIPT_OUTPUT_FILE_0}\"\n";
			showEnvVarsInLog = 0;
		};
/* End PBXShellScriptBuildPhase section */

/* Begin PBXSourcesBuildPhase section */
		B2E6AC36227659B300FA77E8 /* Sources */ = {
			isa = PBXSourcesBuildPhase;
			buildActionMask = 2147483647;
			files = (
				B2E6AC3E227659B300FA77E8 /* AppDelegate.swift in Sources */,
				B2E6AC7222765AEF00FA77E8 /* HomeBuilder.swift in Sources */,
				B2E6AC5222765A1800FA77E8 /* AppComponent.swift in Sources */,
				B2E6AC7522765AEF00FA77E8 /* HomeInteractor.swift in Sources */,
				B2E6AC5C22765A5F00FA77E8 /* RootViewController.swift in Sources */,
				B2E6AC6B22765AE900FA77E8 /* LoggedInInteractor.swift in Sources */,
				B2E6AC7422765AEF00FA77E8 /* HomeViewController.swift in Sources */,
				B2E6AC5F22765A5F00FA77E8 /* RootComponent+LoggedIn.swift in Sources */,
				B2E6AC6A22765AE900FA77E8 /* LoggedInBuilder.swift in Sources */,
				B2E6AC5B22765A5F00FA77E8 /* RootBuilder.swift in Sources */,
				B2E6AC5E22765A5F00FA77E8 /* RootRouter.swift in Sources */,
				B2E6AC7322765AEF00FA77E8 /* HomeRouter.swift in Sources */,
				B2E6AC7722765B1B00FA77E8 /* ChangePasswordViewController.swift in Sources */,
				B2E6AC5D22765A5F00FA77E8 /* RootInteractor.swift in Sources */,
				B2E6AC7122765AEF00FA77E8 /* HomeComponent+ChangePassword.swift in Sources */,
				B2E6AC6922765AE900FA77E8 /* LoggedInRouter.swift in Sources */,
				B2E6AC6822765AE900FA77E8 /* LoggedInComponent+Home.swift in Sources */,
			);
			runOnlyForDeploymentPostprocessing = 0;
		};
/* End PBXSourcesBuildPhase section */

/* Begin PBXVariantGroup section */
		B2E6AC41227659B300FA77E8 /* Main.storyboard */ = {
			isa = PBXVariantGroup;
			children = (
				B2E6AC42227659B300FA77E8 /* Base */,
			);
			name = Main.storyboard;
			sourceTree = "<group>";
		};
		B2E6AC46227659B400FA77E8 /* LaunchScreen.storyboard */ = {
			isa = PBXVariantGroup;
			children = (
				B2E6AC47227659B400FA77E8 /* Base */,
			);
			name = LaunchScreen.storyboard;
			sourceTree = "<group>";
		};
/* End PBXVariantGroup section */

/* Begin XCBuildConfiguration section */
		B2E6AC4A227659B400FA77E8 /* Debug */ = {
			isa = XCBuildConfiguration;
			buildSettings = {
				ALWAYS_SEARCH_USER_PATHS = NO;
				CLANG_ANALYZER_NONNULL = YES;
				CLANG_ANALYZER_NUMBER_OBJECT_CONVERSION = YES_AGGRESSIVE;
				CLANG_CXX_LANGUAGE_STANDARD = "gnu++14";
				CLANG_CXX_LIBRARY = "libc++";
				CLANG_ENABLE_MODULES = YES;
				CLANG_ENABLE_OBJC_ARC = YES;
				CLANG_ENABLE_OBJC_WEAK = YES;
				CLANG_WARN_BLOCK_CAPTURE_AUTORELEASING = YES;
				CLANG_WARN_BOOL_CONVERSION = YES;
				CLANG_WARN_COMMA = YES;
				CLANG_WARN_CONSTANT_CONVERSION = YES;
				CLANG_WARN_DEPRECATED_OBJC_IMPLEMENTATIONS = YES;
				CLANG_WARN_DIRECT_OBJC_ISA_USAGE = YES_ERROR;
				CLANG_WARN_DOCUMENTATION_COMMENTS = YES;
				CLANG_WARN_EMPTY_BODY = YES;
				CLANG_WARN_ENUM_CONVERSION = YES;
				CLANG_WARN_INFINITE_RECURSION = YES;
				CLANG_WARN_INT_CONVERSION = YES;
				CLANG_WARN_NON_LITERAL_NULL_CONVERSION = YES;
				CLANG_WARN_OBJC_IMPLICIT_RETAIN_SELF = YES;
				CLANG_WARN_OBJC_LITERAL_CONVERSION = YES;
				CLANG_WARN_OBJC_ROOT_CLASS = YES_ERROR;
				CLANG_WARN_RANGE_LOOP_ANALYSIS = YES;
				CLANG_WARN_STRICT_PROTOTYPES = YES;
				CLANG_WARN_SUSPICIOUS_MOVE = YES;
				CLANG_WARN_UNGUARDED_AVAILABILITY = YES_AGGRESSIVE;
				CLANG_WARN_UNREACHABLE_CODE = YES;
				CLANG_WARN__DUPLICATE_METHOD_MATCH = YES;
				CODE_SIGN_IDENTITY = "iPhone Developer";
				COPY_PHASE_STRIP = NO;
				DEBUG_INFORMATION_FORMAT = dwarf;
				ENABLE_STRICT_OBJC_MSGSEND = YES;
				ENABLE_TESTABILITY = YES;
				GCC_C_LANGUAGE_STANDARD = gnu11;
				GCC_DYNAMIC_NO_PIC = NO;
				GCC_NO_COMMON_BLOCKS = YES;
				GCC_OPTIMIZATION_LEVEL = 0;
				GCC_PREPROCESSOR_DEFINITIONS = (
					"DEBUG=1",
					"$(inherited)",
				);
				GCC_WARN_64_TO_32_BIT_CONVERSION = YES;
				GCC_WARN_ABOUT_RETURN_TYPE = YES_ERROR;
				GCC_WARN_UNDECLARED_SELECTOR = YES;
				GCC_WARN_UNINITIALIZED_AUTOS = YES_AGGRESSIVE;
				GCC_WARN_UNUSED_FUNCTION = YES;
				GCC_WARN_UNUSED_VARIABLE = YES;
				IPHONEOS_DEPLOYMENT_TARGET = 10.0;
				MTL_ENABLE_DEBUG_INFO = INCLUDE_SOURCE;
				MTL_FAST_MATH = YES;
				ONLY_ACTIVE_ARCH = YES;
				SDKROOT = iphoneos;
				SWIFT_ACTIVE_COMPILATION_CONDITIONS = DEBUG;
				SWIFT_OPTIMIZATION_LEVEL = "-Onone";
			};
			name = Debug;
		};
		B2E6AC4B227659B400FA77E8 /* Release */ = {
			isa = XCBuildConfiguration;
			buildSettings = {
				ALWAYS_SEARCH_USER_PATHS = NO;
				CLANG_ANALYZER_NONNULL = YES;
				CLANG_ANALYZER_NUMBER_OBJECT_CONVERSION = YES_AGGRESSIVE;
				CLANG_CXX_LANGUAGE_STANDARD = "gnu++14";
				CLANG_CXX_LIBRARY = "libc++";
				CLANG_ENABLE_MODULES = YES;
				CLANG_ENABLE_OBJC_ARC = YES;
				CLANG_ENABLE_OBJC_WEAK = YES;
				CLANG_WARN_BLOCK_CAPTURE_AUTORELEASING = YES;
				CLANG_WARN_BOOL_CONVERSION = YES;
				CLANG_WARN_COMMA = YES;
				CLANG_WARN_CONSTANT_CONVERSION = YES;
				CLANG_WARN_DEPRECATED_OBJC_IMPLEMENTATIONS = YES;
				CLANG_WARN_DIRECT_OBJC_ISA_USAGE = YES_ERROR;
				CLANG_WARN_DOCUMENTATION_COMMENTS = YES;
				CLANG_WARN_EMPTY_BODY = YES;
				CLANG_WARN_ENUM_CONVERSION = YES;
				CLANG_WARN_INFINITE_RECURSION = YES;
				CLANG_WARN_INT_CONVERSION = YES;
				CLANG_WARN_NON_LITERAL_NULL_CONVERSION = YES;
				CLANG_WARN_OBJC_IMPLICIT_RETAIN_SELF = YES;
				CLANG_WARN_OBJC_LITERAL_CONVERSION = YES;
				CLANG_WARN_OBJC_ROOT_CLASS = YES_ERROR;
				CLANG_WARN_RANGE_LOOP_ANALYSIS = YES;
				CLANG_WARN_STRICT_PROTOTYPES = YES;
				CLANG_WARN_SUSPICIOUS_MOVE = YES;
				CLANG_WARN_UNGUARDED_AVAILABILITY = YES_AGGRESSIVE;
				CLANG_WARN_UNREACHABLE_CODE = YES;
				CLANG_WARN__DUPLICATE_METHOD_MATCH = YES;
				CODE_SIGN_IDENTITY = "iPhone Developer";
				COPY_PHASE_STRIP = NO;
				DEBUG_INFORMATION_FORMAT = "dwarf-with-dsym";
				ENABLE_NS_ASSERTIONS = NO;
				ENABLE_STRICT_OBJC_MSGSEND = YES;
				GCC_C_LANGUAGE_STANDARD = gnu11;
				GCC_NO_COMMON_BLOCKS = YES;
				GCC_WARN_64_TO_32_BIT_CONVERSION = YES;
				GCC_WARN_ABOUT_RETURN_TYPE = YES_ERROR;
				GCC_WARN_UNDECLARED_SELECTOR = YES;
				GCC_WARN_UNINITIALIZED_AUTOS = YES_AGGRESSIVE;
				GCC_WARN_UNUSED_FUNCTION = YES;
				GCC_WARN_UNUSED_VARIABLE = YES;
				IPHONEOS_DEPLOYMENT_TARGET = 10.0;
				MTL_ENABLE_DEBUG_INFO = NO;
				MTL_FAST_MATH = YES;
				SDKROOT = iphoneos;
				SWIFT_COMPILATION_MODE = wholemodule;
				SWIFT_OPTIMIZATION_LEVEL = "-O";
				VALIDATE_PRODUCT = YES;
			};
			name = Release;
		};
		B2E6AC4D227659B400FA77E8 /* Debug */ = {
			isa = XCBuildConfiguration;
			baseConfigurationReference = 549CC0AE4517A3C97A7504D8 /* Pods-Association.debug.xcconfig */;
			buildSettings = {
				ASSETCATALOG_COMPILER_APPICON_NAME = AppIcon;
				CODE_SIGN_STYLE = Automatic;
				INFOPLIST_FILE = Association/Info.plist;
				LD_RUNPATH_SEARCH_PATHS = (
					"$(inherited)",
					"@executable_path/Frameworks",
				);
				PRODUCT_BUNDLE_IDENTIFIER = com.makegoodstuff.Association;
				PRODUCT_NAME = "$(TARGET_NAME)";
				SWIFT_VERSION = 4.0;
				TARGETED_DEVICE_FAMILY = "1,2";
			};
			name = Debug;
		};
		B2E6AC4E227659B400FA77E8 /* Release */ = {
			isa = XCBuildConfiguration;
			baseConfigurationReference = B83546007A793ACC8D68808E /* Pods-Association.release.xcconfig */;
			buildSettings = {
				ASSETCATALOG_COMPILER_APPICON_NAME = AppIcon;
				CODE_SIGN_STYLE = Automatic;
				INFOPLIST_FILE = Association/Info.plist;
				LD_RUNPATH_SEARCH_PATHS = (
					"$(inherited)",
					"@executable_path/Frameworks",
				);
				PRODUCT_BUNDLE_IDENTIFIER = com.makegoodstuff.Association;
				PRODUCT_NAME = "$(TARGET_NAME)";
				SWIFT_VERSION = 4.0;
				TARGETED_DEVICE_FAMILY = "1,2";
			};
			name = Release;
		};
/* End XCBuildConfiguration section */

/* Begin XCConfigurationList section */
		B2E6AC35227659B300FA77E8 /* Build configuration list for PBXProject "Association" */ = {
			isa = XCConfigurationList;
			buildConfigurations = (
				B2E6AC4A227659B400FA77E8 /* Debug */,
				B2E6AC4B227659B400FA77E8 /* Release */,
			);
			defaultConfigurationIsVisible = 0;
			defaultConfigurationName = Release;
		};
		B2E6AC4C227659B400FA77E8 /* Build configuration list for PBXNativeTarget "Association" */ = {
			isa = XCConfigurationList;
			buildConfigurations = (
				B2E6AC4D227659B400FA77E8 /* Debug */,
				B2E6AC4E227659B400FA77E8 /* Release */,
			);
			defaultConfigurationIsVisible = 0;
			defaultConfigurationName = Release;
		};
/* End XCConfigurationList section */
	};
	rootObject = B2E6AC32227659B300FA77E8 /* Project object */;
}
