PODS:
  - AssociationShared (0.0.3):
    - AssociationShared/ChangePassword (= 0.0.3)
  - AssociationShared/ChangePassword (0.0.3)
  - RIBs (0.9.1):
    - RxSwift (~> 4.0)
  - RxCocoa (4.0.0):
    - RxSwift (~> 4.0)
  - RxSwift (4.3.1)
  - SnapKit (4.0.1)

DEPENDENCIES:
  - AssociationShared (from `https://github.com/makegoodstuff/AssociationShared.git`, tag `0.0.3`)
  - RIBs (~> 0.9.1)
  - RxCocoa (~> 4.0.0)
  - SnapKit (~> 4.0.0)

SPEC REPOS:
  https://github.com/cocoapods/specs.git:
    - RIBs
    - RxCocoa
    - RxSwift
    - SnapKit

EXTERNAL SOURCES:
  AssociationShared:
    :git: https://github.com/makegoodstuff/AssociationShared.git
    :tag: 0.0.3

CHECKOUT OPTIONS:
  AssociationShared:
    :git: https://github.com/makegoodstuff/AssociationShared.git
    :tag: 0.0.3

SPEC CHECKSUMS:
  AssociationShared: 3457c12aee9387ef35d19b89fbb816a8b3c303cf
  RIBs: 879184fbca567425c488d6b3d14a9c5abfbf9d47
  RxCocoa: d62846ca96495d862fa4c59ea7d87e5031d7340e
  RxSwift: fe0fd770a43acdb7d0a53da411c9b892e69bb6e4
  SnapKit: 0de968a9fec17499afa29683b05d0c775b6d1c29

PODFILE CHECKSUM: e2016012ef8190e3f127addbd9242c3b9a15119d

COCOAPODS: 1.5.3
