PODS:
  - RIBs (0.9.1):
    - RxSwift (~> 4.0)
  - RxCocoa (4.0.0):
    - RxSwift (~> 4.0)
  - RxSwift (4.3.1)
  - SnapKit (4.0.1)

DEPENDENCIES:
  - RIBs (~> 0.9.1)
  - RxCocoa (~> 4.0.0)
  - SnapKit (~> 4.0.0)

SPEC REPOS:
  https://github.com/cocoapods/specs.git:
    - RIBs
    - RxCocoa
    - RxSwift
    - SnapKit

SPEC CHECKSUMS:
  RIBs: 879184fbca567425c488d6b3d14a9c5abfbf9d47
  RxCocoa: d62846ca96495d862fa4c59ea7d87e5031d7340e
  RxSwift: fe0fd770a43acdb7d0a53da411c9b892e69bb6e4
  SnapKit: 0de968a9fec17499afa29683b05d0c775b6d1c29

PODFILE CHECKSUM: 1f3eca651d19cf71369737b90590171f4cba8cc0

COCOAPODS: 1.5.3
